
Microsoft Visual Studio Solution File, Format Version 12.00
# Visual Studio Version 16
VisualStudioVersion = 16.0.32413.511
MinimumVisualStudioVersion = 10.0.40219.1
Project("{9A19103F-16F7-4668-BE54-9A1E7A4F7556}") = "saper", "saper.csproj", "{B130D9C0-9143-4A1D-867E-E418E8B59CB8}"
EndProject
Project("{2150E333-8FDC-42A3-9474-1A3956D46DE8}") = "Solution Items", "Solution Items", "{48DA9607-56B4-4779-AC24-3520D722831E}"
	ProjectSection(SolutionItems) = preProject
		TextFile1.txt = TextFile1.txt
	EndProjectSection
EndProject
Global
	GlobalSection(SolutionConfigurationPlatforms) = preSolution
		Debug|Any CPU = Debug|Any CPU
		Release|Any CPU = Release|Any CPU
	EndGlobalSection
	GlobalSection(ProjectConfigurationPlatforms) = postSolution
		{B130D9C0-9143-4A1D-867E-E418E8B59CB8}.Debug|Any CPU.ActiveCfg = Debug|Any CPU
		{B130D9C0-9143-4A1D-867E-E418E8B59CB8}.Debug|Any CPU.Build.0 = Debug|Any CPU
		{B130D9C0-9143-4A1D-867E-E418E8B59CB8}.Release|Any CPU.ActiveCfg = Release|Any CPU
		{B130D9C0-9143-4A1D-867E-E418E8B59CB8}.Release|Any CPU.Build.0 = Release|Any CPU
	EndGlobalSection
	GlobalSection(SolutionProperties) = preSolution
		HideSolutionNode = FALSE
	EndGlobalSection
	GlobalSection(ExtensibilityGlobals) = postSolution
		SolutionGuid = {E78642BC-79AC-4474-8C96-682FEED28C1B}
	EndGlobalSection
EndGlobal
